%{
  "jason": {:hex, :jason, "1.4.4", "b9226785a9aa77b6857ca22832cffa5d5011a667207eb2a0ad56adb5db443b8a", [:mix], [{:decimal, "~> 1.0 or ~> 2.0", [hex: :decimal, repo: "hexpm", optional: true]}], "hexpm", "c5eb0cab91f094599f94d55bc63409236a8ec69a21a67814529e8d5f6cc90b3b"},
  "popcorn": {:hex, :popcorn, "0.1.0", "3f57a61af88a9de9008c054bbd64bd710eec8e02b15d84552df64dc23711f1ca", [:mix], [{:jason, "~> 1.4", [hex: :jason, repo: "hexpm", optional: false]}], "hexpm", "593e242171419fb4f5d18e1daa3b5c815b3faad06f8b26a50609bbd9e9caf56a"},
}
